github.com/RediSearch/redisearch-go v0.1.0 h1:o8mCfrB3AFdRegYJ+EQNDNHBV57fnzx5vXbT9stnt64=
github.com/RediSearch/redisearch-go v0.1.0/go.mod h1:6YJdUHnJyl420IOge7s1257XQaeMI14Hqol5pHLjO7k=
github.com/confluentinc/confluent-kafka-go v1.0.0 h1:y+G9NTXsvoelf1cRzjtLKOZsPqh71noS4+t+e+eINIk=
github.com/confluentinc/confluent-kafka-go v1.0.0/go.mod h1:u2zNLny2xq+5rWeTQjFHbDzzNuba4P1vo31r9r4uAdg=
github.com/coreos/go-semver v0.3.0 h1:wkHLiw0WNATZnSG7epLsujiMCgPAc9xhjJ4tgnAxmfM=
github.com/coreos/go-semver v0.3.0/go.mod h1:nnelYz7RCh+5ahJtPPxZlU+153eP4D4r3EedlOD2RNk=
github.com/garyburd/redigo v1.6.0 h1:0VruCpn7yAIIu7pWVClQC8wxCJEcG3nyzpMSHKi1PQc=
github.com/garyburd/redigo v1.6.0/go.mod h1:NR3MbYisc3/PwhQ00EMzDiPmrwpPxAn5GI05/YaO1SY=
github.com/j-and-j-global/wordpress-parser v0.0.0-20190421162635-33b95cb67d29 h1:sGe8E3MKrVUn5nqs6EpYhQYvG/AudLAxmPQhu7XTi0c=
github.com/j-and-j-global/wordpress-parser v0.0.0-20190421162635-33b95cb67d29/go.mod h1:CXNB79p21cnizwlaAviuou3ewrwAyJUi3SuvrwC7WSU=
github.com/j-and-j-global/wordpress-parser v0.0.0-20190421185559-badd01b877d0 h1:xkFWqNAGVlCP4d0H+1MYmyleS5Tj8qhpvHXlmg6w3LA=
github.com/j-and-j-global/wordpress-parser v0.0.0-20190421185559-badd01b877d0/go.mod h1:CXNB79p21cnizwlaAviuou3ewrwAyJUi3SuvrwC7WSU=
github.com/j-and-j-global/wordpress-parser v0.0.0-20190421190650-9d1a13dd7361 h1:gTjWkwZUulLvnPc2vzRBUCva5f6DSOWvXD+U9svV884=
github.com/j-and-j-global/wordpress-parser v0.0.0-20190421190650-9d1a13dd7361/go.mod h1:LdmyQh7CwzMJxo7VgYjN9t2AOa1bDP3ihzNUm25isqc=
github.com/j-and-j-global/wordpress-parser v0.0.0-20190421192857-999a35341c46 h1:DqwWAfUPcnyqCFtjGnHx8npZ1b7GzseXBMuLpkBDDmQ=
github.com/j-and-j-global/wordpress-parser v0.0.0-20190421192857-999a35341c46/go.mod h1:LdmyQh7CwzMJxo7VgYjN9t2AOa1bDP3ihzNUm25isqc=
golang.org/x/crypto v0.0.0-20190308221718-c2843e01d9a2/go.mod h1:djNgcEr1/C05ACkg1iLfiJU5Ep61QUkGW8qpdssI0+w=
golang.org/x/crypto v0.0.0-20190418165655-df01cb2cc480/go.mod h1:WFFai1msRO1wXaEeE5yQxYXgSfI8pQAWXbQop6sCtWE=
golang.org/x/net v0.0.0-20190420063019-afa5a82059c6 h1:HdqqaWmYAUI7/dmByKKEw+yxDksGSo+9GjkUc9Zp34E=
golang.org/x/net v0.0.0-20190420063019-afa5a82059c6/go.mod h1:t9HGtf8HONx5eT2rtn7q6eTqICYqUVnKs3thJo3Qplg=
golang.org/x/sys v0.0.0-20190215142949-d0b11bdaac8a/go.mod h1:STP8DvDyc/dI5b8T5hshtkjS+E42TnysNCUPdjciGhY=
golang.org/x/sys v0.0.0-20190403152447-81d4e9dc473e/go.mod h1:h1NjWce9XRLGQEsW7wpKNCjG9DtNlClVuFLEZdDNbEs=
golang.org/x/sys v0.0.0-20190419153524-e8e3143a4f4a/go.mod h1:h1NjWce9XRLGQEsW7wpKNCjG9DtNlClVuFLEZdDNbEs=
golang.org/x/text v0.3.0/go.mod h1:NqM8EUOU14njkJ3fqMW+pc6Ldnwhi/IjpwHt7yyuwOQ=
